
Microsoft Visual Studio Solution File, Format Version 12.00
# Visual Studio Version 17
VisualStudioVersion = 17.12.35707.178
MinimumVisualStudioVersion = 10.0.40219.1
Project("{FAE04EC0-301F-11D3-BF4B-00C04F79EFBC}") = "Subvi", "ELNET1-GROUP_PROJECT\Subvi.csproj", "{D598455B-DE9E-4BE9-A7A1-A6608A515B4C}"
EndProject
Global
	GlobalSection(SolutionConfigurationPlatforms) = preSolution
		Debug|Any CPU = Debug|Any CPU
		Release|Any CPU = Release|Any CPU
	EndGlobalSection
	GlobalSection(ProjectConfigurationPlatforms) = postSolution
		{D598455B-DE9E-4BE9-A7A1-A6608A515B4C}.Debug|Any CPU.ActiveCfg = Debug|Any CPU
		{D598455B-DE9E-4BE9-A7A1-A6608A515B4C}.Debug|Any CPU.Build.0 = Debug|Any CPU
		{D598455B-DE9E-4BE9-A7A1-A6608A515B4C}.Release|Any CPU.ActiveCfg = Release|Any CPU
		{D598455B-DE9E-4BE9-A7A1-A6608A515B4C}.Release|Any CPU.Build.0 = Release|Any CPU
	EndGlobalSection
	GlobalSection(SolutionProperties) = preSolution
		HideSolutionNode = FALSE
	EndGlobalSection
	GlobalSection(ExtensibilityGlobals) = postSolution
		SolutionGuid = {390F7617-6F43-41EA-840E-9E852AB4B6A9}
	EndGlobalSection
EndGlobal
